
Microsoft Visual Studio Solution File, Format Version 12.00
# Visual Studio Version 17
VisualStudioVersion = 17.5.002.0
MinimumVisualStudioVersion = 10.0.40219.1
Project("{2150E333-8FDC-42A3-9474-1A3956D46DE8}") = "ChallengeProject", "ChallengeProject", "{4DCD01E0-1DA2-4A6B-84A4-6E7350D0D25F}"
EndProject
Project("{9A19103F-16F7-4668-BE54-9A1E7A4F7556}") = "Starter", "ChallengeProject\Starter\Starter.csproj", "{A8FE1435-B5AB-4E3A-8727-9768B0C4AFD8}"
EndProject
Project("{9A19103F-16F7-4668-BE54-9A1E7A4F7556}") = "Final", "ChallengeProject\Final\Final.csproj", "{3C88ACDB-28AB-4AA4-B287-847A02AB53B8}"
EndProject
Global
	GlobalSection(SolutionConfigurationPlatforms) = preSolution
		Debug|Any CPU = Debug|Any CPU
		Release|Any CPU = Release|Any CPU
	EndGlobalSection
	GlobalSection(ProjectConfigurationPlatforms) = postSolution
		{A8FE1435-B5AB-4E3A-8727-9768B0C4AFD8}.Debug|Any CPU.ActiveCfg = Debug|Any CPU
		{A8FE1435-B5AB-4E3A-8727-9768B0C4AFD8}.Debug|Any CPU.Build.0 = Debug|Any CPU
		{A8FE1435-B5AB-4E3A-8727-9768B0C4AFD8}.Release|Any CPU.ActiveCfg = Release|Any CPU
		{A8FE1435-B5AB-4E3A-8727-9768B0C4AFD8}.Release|Any CPU.Build.0 = Release|Any CPU
		{3C88ACDB-28AB-4AA4-B287-847A02AB53B8}.Debug|Any CPU.ActiveCfg = Debug|Any CPU
		{3C88ACDB-28AB-4AA4-B287-847A02AB53B8}.Debug|Any CPU.Build.0 = Debug|Any CPU
		{3C88ACDB-28AB-4AA4-B287-847A02AB53B8}.Release|Any CPU.ActiveCfg = Release|Any CPU
		{3C88ACDB-28AB-4AA4-B287-847A02AB53B8}.Release|Any CPU.Build.0 = Release|Any CPU
	EndGlobalSection
	GlobalSection(SolutionProperties) = preSolution
		HideSolutionNode = FALSE
	EndGlobalSection
	GlobalSection(NestedProjects) = preSolution
		{A8FE1435-B5AB-4E3A-8727-9768B0C4AFD8} = {4DCD01E0-1DA2-4A6B-84A4-6E7350D0D25F}
		{3C88ACDB-28AB-4AA4-B287-847A02AB53B8} = {4DCD01E0-1DA2-4A6B-84A4-6E7350D0D25F}
	EndGlobalSection
	GlobalSection(ExtensibilityGlobals) = postSolution
		SolutionGuid = {78392CF9-1D91-4159-A3C6-A6598B92111D}
	EndGlobalSection
EndGlobal
