
Microsoft Visual Studio Solution File, Format Version 12.00
# Visual Studio Version 17
VisualStudioVersion = 17.5.002.0
MinimumVisualStudioVersion = 10.0.40219.1
Project("{9A19103F-16F7-4668-BE54-9A1E7A4F7556}") = "TestProject", "TestProject\TestProject.csproj", "{CB40ED81-B8BC-4B62-8381-87DBE2247CFD}"
EndProject
Global
	GlobalSection(SolutionConfigurationPlatforms) = preSolution
		Debug|Any CPU = Debug|Any CPU
		Release|Any CPU = Release|Any CPU
	EndGlobalSection
	GlobalSection(ProjectConfigurationPlatforms) = postSolution
		{CB40ED81-B8BC-4B62-8381-87DBE2247CFD}.Debug|Any CPU.ActiveCfg = Debug|Any CPU
		{CB40ED81-B8BC-4B62-8381-87DBE2247CFD}.Debug|Any CPU.Build.0 = Debug|Any CPU
		{CB40ED81-B8BC-4B62-8381-87DBE2247CFD}.Release|Any CPU.ActiveCfg = Release|Any CPU
		{CB40ED81-B8BC-4B62-8381-87DBE2247CFD}.Release|Any CPU.Build.0 = Release|Any CPU
	EndGlobalSection
	GlobalSection(SolutionProperties) = preSolution
		HideSolutionNode = FALSE
	EndGlobalSection
	GlobalSection(ExtensibilityGlobals) = postSolution
		SolutionGuid = {907D1B46-8934-455A-866D-65C8E27BFD6F}
	EndGlobalSection
EndGlobal
